
Microsoft Visual Studio Solution File, Format Version 12.00
# Visual Studio Version 17
VisualStudioVersion = 17.4.33403.182
MinimumVisualStudioVersion = 10.0.40219.1
Project("{8BC9CEB8-8B4A-11D0-8D11-00A0C91BC942}") = "Cproject", "Cproject\Cproject.vcxproj", "{0F0028A7-D083-4948-8228-BC2D05B094A5}"
EndProject
Project("{8BC9CEB8-8B4A-11D0-8D11-00A0C91BC942}") = "day2", "day2\day2.vcxproj", "{D4843678-AF53-4AEA-9086-5E3BF94F6F43}"
EndProject
Project("{8BC9CEB8-8B4A-11D0-8D11-00A0C91BC942}") = "day3", "day3\day3.vcxproj", "{57759E3E-4271-4462-91A3-45CC9EE5A936}"
EndProject
Project("{8BC9CEB8-8B4A-11D0-8D11-00A0C91BC942}") = "Omok", "Omok\Omok.vcxproj", "{C82610A1-FB72-438A-8E1E-994648D05C1A}"
EndProject
Project("{8BC9CEB8-8B4A-11D0-8D11-00A0C91BC942}") = "day4", "day4\day4.vcxproj", "{281A1377-3A07-48C5-9D34-D6280D27CD1C}"
EndProject
Global
	GlobalSection(SolutionConfigurationPlatforms) = preSolution
		Debug|x64 = Debug|x64
		Debug|x86 = Debug|x86
		Release|x64 = Release|x64
		Release|x86 = Release|x86
	EndGlobalSection
	GlobalSection(ProjectConfigurationPlatforms) = postSolution
		{0F0028A7-D083-4948-8228-BC2D05B094A5}.Debug|x64.ActiveCfg = Debug|x64
		{0F0028A7-D083-4948-8228-BC2D05B094A5}.Debug|x64.Build.0 = Debug|x64
		{0F0028A7-D083-4948-8228-BC2D05B094A5}.Debug|x86.ActiveCfg = Debug|Win32
		{0F0028A7-D083-4948-8228-BC2D05B094A5}.Debug|x86.Build.0 = Debug|Win32
		{0F0028A7-D083-4948-8228-BC2D05B094A5}.Release|x64.ActiveCfg = Release|x64
		{0F0028A7-D083-4948-8228-BC2D05B094A5}.Release|x86.ActiveCfg = Release|Win32
		{0F0028A7-D083-4948-8228-BC2D05B094A5}.Release|x86.Build.0 = Release|Win32
		{D4843678-AF53-4AEA-9086-5E3BF94F6F43}.Debug|x64.ActiveCfg = Debug|x64
		{D4843678-AF53-4AEA-9086-5E3BF94F6F43}.Debug|x64.Build.0 = Debug|x64
		{D4843678-AF53-4AEA-9086-5E3BF94F6F43}.Debug|x86.ActiveCfg = Debug|Win32
		{D4843678-AF53-4AEA-9086-5E3BF94F6F43}.Debug|x86.Build.0 = Debug|Win32
		{D4843678-AF53-4AEA-9086-5E3BF94F6F43}.Release|x64.ActiveCfg = Release|x64
		{D4843678-AF53-4AEA-9086-5E3BF94F6F43}.Release|x64.Build.0 = Release|x64
		{D4843678-AF53-4AEA-9086-5E3BF94F6F43}.Release|x86.ActiveCfg = Release|Win32
		{D4843678-AF53-4AEA-9086-5E3BF94F6F43}.Release|x86.Build.0 = Release|Win32
		{57759E3E-4271-4462-91A3-45CC9EE5A936}.Debug|x64.ActiveCfg = Debug|x64
		{57759E3E-4271-4462-91A3-45CC9EE5A936}.Debug|x64.Build.0 = Debug|x64
		{57759E3E-4271-4462-91A3-45CC9EE5A936}.Debug|x86.ActiveCfg = Debug|Win32
		{57759E3E-4271-4462-91A3-45CC9EE5A936}.Debug|x86.Build.0 = Debug|Win32
		{57759E3E-4271-4462-91A3-45CC9EE5A936}.Release|x64.ActiveCfg = Release|x64
		{57759E3E-4271-4462-91A3-45CC9EE5A936}.Release|x64.Build.0 = Release|x64
		{57759E3E-4271-4462-91A3-45CC9EE5A936}.Release|x86.ActiveCfg = Release|Win32
		{57759E3E-4271-4462-91A3-45CC9EE5A936}.Release|x86.Build.0 = Release|Win32
		{C82610A1-FB72-438A-8E1E-994648D05C1A}.Debug|x64.ActiveCfg = Debug|x64
		{C82610A1-FB72-438A-8E1E-994648D05C1A}.Debug|x64.Build.0 = Debug|x64
		{C82610A1-FB72-438A-8E1E-994648D05C1A}.Debug|x86.ActiveCfg = Debug|Win32
		{C82610A1-FB72-438A-8E1E-994648D05C1A}.Debug|x86.Build.0 = Debug|Win32
		{C82610A1-FB72-438A-8E1E-994648D05C1A}.Release|x64.ActiveCfg = Release|x64
		{C82610A1-FB72-438A-8E1E-994648D05C1A}.Release|x64.Build.0 = Release|x64
		{C82610A1-FB72-438A-8E1E-994648D05C1A}.Release|x86.ActiveCfg = Release|Win32
		{C82610A1-FB72-438A-8E1E-994648D05C1A}.Release|x86.Build.0 = Release|Win32
		{281A1377-3A07-48C5-9D34-D6280D27CD1C}.Debug|x64.ActiveCfg = Debug|x64
		{281A1377-3A07-48C5-9D34-D6280D27CD1C}.Debug|x64.Build.0 = Debug|x64
		{281A1377-3A07-48C5-9D34-D6280D27CD1C}.Debug|x86.ActiveCfg = Debug|Win32
		{281A1377-3A07-48C5-9D34-D6280D27CD1C}.Debug|x86.Build.0 = Debug|Win32
		{281A1377-3A07-48C5-9D34-D6280D27CD1C}.Release|x64.ActiveCfg = Release|x64
		{281A1377-3A07-48C5-9D34-D6280D27CD1C}.Release|x64.Build.0 = Release|x64
		{281A1377-3A07-48C5-9D34-D6280D27CD1C}.Release|x86.ActiveCfg = Release|Win32
		{281A1377-3A07-48C5-9D34-D6280D27CD1C}.Release|x86.Build.0 = Release|Win32
	EndGlobalSection
	GlobalSection(SolutionProperties) = preSolution
		HideSolutionNode = FALSE
	EndGlobalSection
	GlobalSection(ExtensibilityGlobals) = postSolution
		SolutionGuid = {487EB425-3989-40CF-8EA8-952338914FBE}
	EndGlobalSection
EndGlobal
